{
  "pins" : [
    {
      "identity" : "declarativeuikit",
      "kind" : "remoteSourceControl",
      "location" : "https://github.com/ArtChemicalCat/DeclarativeUIKit.git",
      "state" : {
        "revision" : "234718397afab2bec9501d46bbf471bb60a83169",
        "version" : "1.0.0"
      }
    }
  ],
  "version" : 2
}
